
Microsoft Visual Studio Solution File, Format Version 12.00
Project("{FAE04EC0-301F-11D3-BF4B-00C04F79EFBC}") = "PoprawaKolokwium2APBD", "PoprawaKolokwium2APBD\PoprawaKolokwium2APBD.csproj", "{9E9CD989-FEB7-4299-BECA-21B4C6FA2C8F}"
EndProject
Global
	GlobalSection(SolutionConfigurationPlatforms) = preSolution
		Debug|Any CPU = Debug|Any CPU
		Release|Any CPU = Release|Any CPU
	EndGlobalSection
	GlobalSection(ProjectConfigurationPlatforms) = postSolution
		{9E9CD989-FEB7-4299-BECA-21B4C6FA2C8F}.Debug|Any CPU.ActiveCfg = Debug|Any CPU
		{9E9CD989-FEB7-4299-BECA-21B4C6FA2C8F}.Debug|Any CPU.Build.0 = Debug|Any CPU
		{9E9CD989-FEB7-4299-BECA-21B4C6FA2C8F}.Release|Any CPU.ActiveCfg = Release|Any CPU
		{9E9CD989-FEB7-4299-BECA-21B4C6FA2C8F}.Release|Any CPU.Build.0 = Release|Any CPU
	EndGlobalSection
EndGlobal
